
Microsoft Visual Studio Solution File, Format Version 12.00
# Visual Studio 15
VisualStudioVersion = 15.0.27130.2010
MinimumVisualStudioVersion = 10.0.40219.1
Project("{FAE04EC0-301F-11D3-BF4B-00C04F79EFBC}") = "TimeTable", "TimeTable\TimeTable.csproj", "{531F2ABA-8618-42CD-8584-CFDAF981E2ED}"
EndProject
Global
	GlobalSection(SolutionConfigurationPlatforms) = preSolution
		Debug|Any CPU = Debug|Any CPU
		Release|Any CPU = Release|Any CPU
	EndGlobalSection
	GlobalSection(ProjectConfigurationPlatforms) = postSolution
		{531F2ABA-8618-42CD-8584-CFDAF981E2ED}.Debug|Any CPU.ActiveCfg = Debug|Any CPU
		{531F2ABA-8618-42CD-8584-CFDAF981E2ED}.Debug|Any CPU.Build.0 = Debug|Any CPU
		{531F2ABA-8618-42CD-8584-CFDAF981E2ED}.Debug|Any CPU.Deploy.0 = Debug|Any CPU
		{531F2ABA-8618-42CD-8584-CFDAF981E2ED}.Release|Any CPU.ActiveCfg = Release|Any CPU
		{531F2ABA-8618-42CD-8584-CFDAF981E2ED}.Release|Any CPU.Build.0 = Release|Any CPU
		{531F2ABA-8618-42CD-8584-CFDAF981E2ED}.Release|Any CPU.Deploy.0 = Release|Any CPU
	EndGlobalSection
	GlobalSection(SolutionProperties) = preSolution
		HideSolutionNode = FALSE
	EndGlobalSection
	GlobalSection(ExtensibilityGlobals) = postSolution
		SolutionGuid = {E46DC2DE-FADE-4E95-ABF3-CF5830260AD0}
	EndGlobalSection
EndGlobal
